
Microsoft Visual Studio Solution File, Format Version 12.00
# Visual Studio Version 16
VisualStudioVersion = 16.0.32106.194
MinimumVisualStudioVersion = 10.0.40219.1
Project("{8BC9CEB8-8B4A-11D0-8D11-00A0C91BC942}") = "PolygonToEllipse", "PolygonToEllipse\PolygonToEllipse.vcxproj", "{EB56D9AA-AD3C-4D19-83F3-2BF188159FBF}"
EndProject
Global
	GlobalSection(SolutionConfigurationPlatforms) = preSolution
		Debug|x64 = Debug|x64
		Debug|x86 = Debug|x86
		Release|x64 = Release|x64
		Release|x86 = Release|x86
	EndGlobalSection
	GlobalSection(ProjectConfigurationPlatforms) = postSolution
		{EB56D9AA-AD3C-4D19-83F3-2BF188159FBF}.Debug|x64.ActiveCfg = Debug|x64
		{EB56D9AA-AD3C-4D19-83F3-2BF188159FBF}.Debug|x64.Build.0 = Debug|x64
		{EB56D9AA-AD3C-4D19-83F3-2BF188159FBF}.Debug|x86.ActiveCfg = Debug|Win32
		{EB56D9AA-AD3C-4D19-83F3-2BF188159FBF}.Debug|x86.Build.0 = Debug|Win32
		{EB56D9AA-AD3C-4D19-83F3-2BF188159FBF}.Release|x64.ActiveCfg = Release|x64
		{EB56D9AA-AD3C-4D19-83F3-2BF188159FBF}.Release|x64.Build.0 = Release|x64
		{EB56D9AA-AD3C-4D19-83F3-2BF188159FBF}.Release|x86.ActiveCfg = Release|Win32
		{EB56D9AA-AD3C-4D19-83F3-2BF188159FBF}.Release|x86.Build.0 = Release|Win32
	EndGlobalSection
	GlobalSection(SolutionProperties) = preSolution
		HideSolutionNode = FALSE
	EndGlobalSection
	GlobalSection(ExtensibilityGlobals) = postSolution
		SolutionGuid = {7409FC98-42EF-49F8-9454-93C5BB512286}
	EndGlobalSection
EndGlobal
